
Microsoft Visual Studio Solution File, Format Version 12.00
# Visual Studio Version 17
VisualStudioVersion = 17.3.32519.111
MinimumVisualStudioVersion = 10.0.40219.1
Project("{FAE04EC0-301F-11D3-BF4B-00C04F79EFBC}") = "Distrubteur_Boision_Chaude", "Distrubteur_Boision_Chaude.csproj", "{312055FC-5FA0-4F62-993C-E82E1FCD619D}"
EndProject
Project("{FAE04EC0-301F-11D3-BF4B-00C04F79EFBC}") = "TestFunctions", "..\TestFunctions\TestFunctions.csproj", "{771A12B9-27E3-4049-924A-9682FA5FA615}"
EndProject
Global
	GlobalSection(SolutionConfigurationPlatforms) = preSolution
		Debug|Any CPU = Debug|Any CPU
		Release|Any CPU = Release|Any CPU
	EndGlobalSection
	GlobalSection(ProjectConfigurationPlatforms) = postSolution
		{312055FC-5FA0-4F62-993C-E82E1FCD619D}.Debug|Any CPU.ActiveCfg = Debug|Any CPU
		{312055FC-5FA0-4F62-993C-E82E1FCD619D}.Debug|Any CPU.Build.0 = Debug|Any CPU
		{312055FC-5FA0-4F62-993C-E82E1FCD619D}.Release|Any CPU.ActiveCfg = Release|Any CPU
		{312055FC-5FA0-4F62-993C-E82E1FCD619D}.Release|Any CPU.Build.0 = Release|Any CPU
		{771A12B9-27E3-4049-924A-9682FA5FA615}.Debug|Any CPU.ActiveCfg = Debug|Any CPU
		{771A12B9-27E3-4049-924A-9682FA5FA615}.Debug|Any CPU.Build.0 = Debug|Any CPU
		{771A12B9-27E3-4049-924A-9682FA5FA615}.Release|Any CPU.ActiveCfg = Release|Any CPU
		{771A12B9-27E3-4049-924A-9682FA5FA615}.Release|Any CPU.Build.0 = Release|Any CPU
	EndGlobalSection
	GlobalSection(SolutionProperties) = preSolution
		HideSolutionNode = FALSE
	EndGlobalSection
	GlobalSection(ExtensibilityGlobals) = postSolution
		SolutionGuid = {A06BE73F-EAC3-4906-BEAA-CE8C888BDB3B}
	EndGlobalSection
EndGlobal
